{
  "name": "html",
  "version": "1.0.0",
  "lockfileVersion": 3,
  "requires": true,
  "packages": {
    "": {
      "name": "html",
      "version": "1.0.0",
      "license": "ISC",
      "dependencies": {
        "@brtmvdl/frontend": "^0.3.1"
      }
    },
    "node_modules/@brtmvdl/frontend": {
      "version": "0.3.1",
      "resolved": "https://registry.npmjs.org/@brtmvdl/frontend/-/frontend-0.3.1.tgz",
      "integrity": "sha512-52m+9CrYagw5mwAgHLdj5SxEZ6a08yBH8a/ZixM5hRciDtCETWVK8c5XUtUs9jZmw0RCE/R+oONBYTEC/9BtIA==",
      "bin": {
        "frontend": "bin/index.js"
      }
    }
  }
}
